
Microsoft Visual Studio Solution File, Format Version 12.00
# Visual Studio 2013
VisualStudioVersion = 12.0.21005.1
MinimumVisualStudioVersion = 10.0.40219.1
Project("{FAE04EC0-301F-11D3-BF4B-00C04F79EFBC}") = "SilverlightApplication1", "SilverlightApplication1\SilverlightApplication1.csproj", "{BD38A9EC-3821-471A-BD78-42CB059F25C9}"
	ProjectSection(ProjectDependencies) = postProject
		{F413959A-7465-499A-B8EC-BF5739BABACC} = {F413959A-7465-499A-B8EC-BF5739BABACC}
	EndProjectSection
EndProject
Project("{FAE04EC0-301F-11D3-BF4B-00C04F79EFBC}") = "SilverlightApplication1.Web", "SilverlightApplication1.Web\SilverlightApplication1.Web.csproj", "{F413959A-7465-499A-B8EC-BF5739BABACC}"
EndProject
Project("{FAE04EC0-301F-11D3-BF4B-00C04F79EFBC}") = "NumberGuess_REST", "NumberGuess_REST\NumberGuess_REST.csproj", "{373F04C2-9CAF-4391-8424-3B50C5E833F6}"
EndProject
Global
	GlobalSection(SolutionConfigurationPlatforms) = preSolution
		Debug|Any CPU = Debug|Any CPU
		Release|Any CPU = Release|Any CPU
	EndGlobalSection
	GlobalSection(ProjectConfigurationPlatforms) = postSolution
		{BD38A9EC-3821-471A-BD78-42CB059F25C9}.Debug|Any CPU.ActiveCfg = Debug|Any CPU
		{BD38A9EC-3821-471A-BD78-42CB059F25C9}.Debug|Any CPU.Build.0 = Debug|Any CPU
		{BD38A9EC-3821-471A-BD78-42CB059F25C9}.Release|Any CPU.ActiveCfg = Release|Any CPU
		{BD38A9EC-3821-471A-BD78-42CB059F25C9}.Release|Any CPU.Build.0 = Release|Any CPU
		{F413959A-7465-499A-B8EC-BF5739BABACC}.Debug|Any CPU.ActiveCfg = Debug|Any CPU
		{F413959A-7465-499A-B8EC-BF5739BABACC}.Debug|Any CPU.Build.0 = Debug|Any CPU
		{F413959A-7465-499A-B8EC-BF5739BABACC}.Release|Any CPU.ActiveCfg = Release|Any CPU
		{F413959A-7465-499A-B8EC-BF5739BABACC}.Release|Any CPU.Build.0 = Release|Any CPU
		{373F04C2-9CAF-4391-8424-3B50C5E833F6}.Debug|Any CPU.ActiveCfg = Debug|Any CPU
		{373F04C2-9CAF-4391-8424-3B50C5E833F6}.Debug|Any CPU.Build.0 = Debug|Any CPU
		{373F04C2-9CAF-4391-8424-3B50C5E833F6}.Release|Any CPU.ActiveCfg = Release|Any CPU
		{373F04C2-9CAF-4391-8424-3B50C5E833F6}.Release|Any CPU.Build.0 = Release|Any CPU
	EndGlobalSection
	GlobalSection(SolutionProperties) = preSolution
		HideSolutionNode = FALSE
	EndGlobalSection
EndGlobal
